
Microsoft Visual Studio Solution File, Format Version 12.00
# Visual Studio Version 17
VisualStudioVersion = 17.5.33516.290
MinimumVisualStudioVersion = 10.0.40219.1
Project("{FAE04EC0-301F-11D3-BF4B-00C04F79EFBC}") = "TheSchizoGamblers", "TheSchizoGamblers\TheSchizoGamblers.csproj", "{8878D31B-1C49-4A55-A89A-41EE5B30DF05}"
EndProject
Global
	GlobalSection(SolutionConfigurationPlatforms) = preSolution
		Debug|Any CPU = Debug|Any CPU
		Release|Any CPU = Release|Any CPU
	EndGlobalSection
	GlobalSection(ProjectConfigurationPlatforms) = postSolution
		{8878D31B-1C49-4A55-A89A-41EE5B30DF05}.Debug|Any CPU.ActiveCfg = Debug|Any CPU
		{8878D31B-1C49-4A55-A89A-41EE5B30DF05}.Debug|Any CPU.Build.0 = Debug|Any CPU
		{8878D31B-1C49-4A55-A89A-41EE5B30DF05}.Release|Any CPU.ActiveCfg = Release|Any CPU
		{8878D31B-1C49-4A55-A89A-41EE5B30DF05}.Release|Any CPU.Build.0 = Release|Any CPU
	EndGlobalSection
	GlobalSection(SolutionProperties) = preSolution
		HideSolutionNode = FALSE
	EndGlobalSection
	GlobalSection(ExtensibilityGlobals) = postSolution
		SolutionGuid = {8CC87DC6-A209-4BF7-A275-4562FB4EB0CC}
	EndGlobalSection
EndGlobal
